// !$*UTF8*$!
{
	archiveVersion = 1;
	classes = {
	};
	objectVersion = 50;
	objects = {

/* Begin PBXBuildFile section */
		E707710225CDE3F300433EC8 /* TheEverydayCalendar.m in Sources */ = {isa = PBXBuildFile; fileRef = E707710125CDE3F300433EC8 /* TheEverydayCalendar.m */; };
		E77A8AC125CA35C800B0BD4E /* AppDelegate.m in Sources */ = {isa = PBXBuildFile; fileRef = E77A8AC025CA35C800B0BD4E /* AppDelegate.m */; };
		E77A8AC425CA35C800B0BD4E /* SceneDelegate.m in Sources */ = {isa = PBXBuildFile; fileRef = E77A8AC325CA35C800B0BD4E /* SceneDelegate.m */; };
		E77A8ACA25CA35C800B0BD4E /* Main.storyboard in Resources */ = {isa = PBXBuildFile; fileRef = E77A8AC825CA35C800B0BD4E /* Main.storyboard */; };
		E77A8ACC25CA35C900B0BD4E /* Assets.xcassets in Resources */ = {isa = PBXBuildFile; fileRef = E77A8ACB25CA35C900B0BD4E /* Assets.xcassets */; };
		E77A8ACF25CA35C900B0BD4E /* LaunchScreen.storyboard in Resources */ = {isa = PBXBuildFile; fileRef = E77A8ACD25CA35C900B0BD4E /* LaunchScreen.storyboard */; };
		E77A8AD225CA35C900B0BD4E /* main.m in Sources */ = {isa = PBXBuildFile; fileRef = E77A8AD125CA35C900B0BD4E /* main.m */; };
		E77A8AF225CC5F4100B0BD4E /* MonthPickerViewController.m in Sources */ = {isa = PBXBuildFile; fileRef = E77A8AF125CC5F4100B0BD4E /* MonthPickerViewController.m */; };
		E77A8AF725CC67A000B0BD4E /* MonthViewController.m in Sources */ = {isa = PBXBuildFile; fileRef = E77A8AF625CC67A000B0BD4E /* MonthViewController.m */; };
		E77A8AFC25CC694700B0BD4E /* DayCollectionViewCell.m in Sources */ = {isa = PBXBuildFile; fileRef = E77A8AFB25CC694700B0BD4E /* DayCollectionViewCell.m */; };
/* End PBXBuildFile section */

/* Begin PBXFileReference section */
		E707710025CDE3F300433EC8 /* TheEverydayCalendar.h */ = {isa = PBXFileReference; lastKnownFileType = sourcecode.c.h; path = TheEverydayCalendar.h; sourceTree = "<group>"; };
		E707710125CDE3F300433EC8 /* TheEverydayCalendar.m */ = {isa = PBXFileReference; lastKnownFileType = sourcecode.c.objc; path = TheEverydayCalendar.m; sourceTree = "<group>"; };
		E77A8ABC25CA35C800B0BD4E /* The Everyday Calendar.app */ = {isa = PBXFileReference; explicitFileType = wrapper.application; includeInIndex = 0; path = "The Everyday Calendar.app"; sourceTree = BUILT_PRODUCTS_DIR; };
		E77A8ABF25CA35C800B0BD4E /* AppDelegate.h */ = {isa = PBXFileReference; lastKnownFileType = sourcecode.c.h; path = AppDelegate.h; sourceTree = "<group>"; };
		E77A8AC025CA35C800B0BD4E /* AppDelegate.m */ = {isa = PBXFileReference; lastKnownFileType = sourcecode.c.objc; path = AppDelegate.m; sourceTree = "<group>"; };
		E77A8AC225CA35C800B0BD4E /* SceneDelegate.h */ = {isa = PBXFileReference; lastKnownFileType = sourcecode.c.h; path = SceneDelegate.h; sourceTree = "<group>"; };
		E77A8AC325CA35C800B0BD4E /* SceneDelegate.m */ = {isa = PBXFileReference; lastKnownFileType = sourcecode.c.objc; path = SceneDelegate.m; sourceTree = "<group>"; };
		E77A8AC925CA35C800B0BD4E /* Base */ = {isa = PBXFileReference; lastKnownFileType = file.storyboard; name = Base; path = Base.lproj/Main.storyboard; sourceTree = "<group>"; };
		E77A8ACB25CA35C900B0BD4E /* Assets.xcassets */ = {isa = PBXFileReference; lastKnownFileType = folder.assetcatalog; path = Assets.xcassets; sourceTree = "<group>"; };
		E77A8ACE25CA35C900B0BD4E /* Base */ = {isa = PBXFileReference; lastKnownFileType = file.storyboard; name = Base; path = Base.lproj/LaunchScreen.storyboard; sourceTree = "<group>"; };
		E77A8AD025CA35C900B0BD4E /* Info.plist */ = {isa = PBXFileReference; lastKnownFileType = text.plist.xml; path = Info.plist; sourceTree = "<group>"; };
		E77A8AD125CA35C900B0BD4E /* main.m */ = {isa = PBXFileReference; lastKnownFileType = sourcecode.c.objc; path = main.m; sourceTree = "<group>"; };
		E77A8AF025CC5F4100B0BD4E /* MonthPickerViewController.h */ = {isa = PBXFileReference; lastKnownFileType = sourcecode.c.h; path = MonthPickerViewController.h; sourceTree = "<group>"; };
		E77A8AF125CC5F4100B0BD4E /* MonthPickerViewController.m */ = {isa = PBXFileReference; lastKnownFileType = sourcecode.c.objc; path = MonthPickerViewController.m; sourceTree = "<group>"; };
		E77A8AF525CC67A000B0BD4E /* MonthViewController.h */ = {isa = PBXFileReference; lastKnownFileType = sourcecode.c.h; path = MonthViewController.h; sourceTree = "<group>"; };
		E77A8AF625CC67A000B0BD4E /* MonthViewController.m */ = {isa = PBXFileReference; lastKnownFileType = sourcecode.c.objc; path = MonthViewController.m; sourceTree = "<group>"; };
		E77A8AFA25CC694700B0BD4E /* DayCollectionViewCell.h */ = {isa = PBXFileReference; lastKnownFileType = sourcecode.c.h; path = DayCollectionViewCell.h; sourceTree = "<group>"; };
		E77A8AFB25CC694700B0BD4E /* DayCollectionViewCell.m */ = {isa = PBXFileReference; lastKnownFileType = sourcecode.c.objc; path = DayCollectionViewCell.m; sourceTree = "<group>"; };
/* End PBXFileReference section */

/* Begin PBXFrameworksBuildPhase section */
		E77A8AB925CA35C800B0BD4E /* Frameworks */ = {
			isa = PBXFrameworksBuildPhase;
			buildActionMask = 2147483647;
			files = (
			);
			runOnlyForDeploymentPostprocessing = 0;
		};
/* End PBXFrameworksBuildPhase section */

/* Begin PBXGroup section */
		E77A8AB325CA35C800B0BD4E = {
			isa = PBXGroup;
			children = (
				E77A8ABE25CA35C800B0BD4E /* The Everyday Calendar */,
				E77A8ABD25CA35C800B0BD4E /* Products */,
			);
			sourceTree = "<group>";
		};
		E77A8ABD25CA35C800B0BD4E /* Products */ = {
			isa = PBXGroup;
			children = (
				E77A8ABC25CA35C800B0BD4E /* The Everyday Calendar.app */,
			);
			name = Products;
			sourceTree = "<group>";
		};
		E77A8ABE25CA35C800B0BD4E /* The Everyday Calendar */ = {
			isa = PBXGroup;
			children = (
				E77A8AFE25CC696300B0BD4E /* Supporting Files */,
				E77A8B0025CC697100B0BD4E /* Collection View */,
				E77A8B0325CC697F00B0BD4E /* Table View */,
				E707710025CDE3F300433EC8 /* TheEverydayCalendar.h */,
				E707710125CDE3F300433EC8 /* TheEverydayCalendar.m */,
				E77A8AC825CA35C800B0BD4E /* Main.storyboard */,
				E77A8ACB25CA35C900B0BD4E /* Assets.xcassets */,
				E77A8ACD25CA35C900B0BD4E /* LaunchScreen.storyboard */,
				E77A8AD025CA35C900B0BD4E /* Info.plist */,
			);
			path = "The Everyday Calendar";
			sourceTree = "<group>";
		};
		E77A8AFE25CC696300B0BD4E /* Supporting Files */ = {
			isa = PBXGroup;
			children = (
				E77A8ABF25CA35C800B0BD4E /* AppDelegate.h */,
				E77A8AC025CA35C800B0BD4E /* AppDelegate.m */,
				E77A8AC225CA35C800B0BD4E /* SceneDelegate.h */,
				E77A8AC325CA35C800B0BD4E /* SceneDelegate.m */,
				E77A8AD125CA35C900B0BD4E /* main.m */,
			);
			path = "Supporting Files";
			sourceTree = "<group>";
		};
		E77A8B0025CC697100B0BD4E /* Collection View */ = {
			isa = PBXGroup;
			children = (
				E77A8AFA25CC694700B0BD4E /* DayCollectionViewCell.h */,
				E77A8AFB25CC694700B0BD4E /* DayCollectionViewCell.m */,
				E77A8AF525CC67A000B0BD4E /* MonthViewController.h */,
				E77A8AF625CC67A000B0BD4E /* MonthViewController.m */,
			);
			path = "Collection View";
			sourceTree = "<group>";
		};
		E77A8B0325CC697F00B0BD4E /* Table View */ = {
			isa = PBXGroup;
			children = (
				E77A8AF025CC5F4100B0BD4E /* MonthPickerViewController.h */,
				E77A8AF125CC5F4100B0BD4E /* MonthPickerViewController.m */,
			);
			path = "Table View";
			sourceTree = "<group>";
		};
/* End PBXGroup section */

/* Begin PBXNativeTarget section */
		E77A8ABB25CA35C800B0BD4E /* The Everyday Calendar */ = {
			isa = PBXNativeTarget;
			buildConfigurationList = E77A8AD525CA35C900B0BD4E /* Build configuration list for PBXNativeTarget "The Everyday Calendar" */;
			buildPhases = (
				E77A8AB825CA35C800B0BD4E /* Sources */,
				E77A8AB925CA35C800B0BD4E /* Frameworks */,
				E77A8ABA25CA35C800B0BD4E /* Resources */,
			);
			buildRules = (
			);
			dependencies = (
			);
			name = "The Everyday Calendar";
			productName = "The Everyday Calendar";
			productReference = E77A8ABC25CA35C800B0BD4E /* The Everyday Calendar.app */;
			productType = "com.apple.product-type.application";
		};
/* End PBXNativeTarget section */

/* Begin PBXProject section */
		E77A8AB425CA35C800B0BD4E /* Project object */ = {
			isa = PBXProject;
			attributes = {
				LastUpgradeCheck = 1230;
				TargetAttributes = {
					E77A8ABB25CA35C800B0BD4E = {
						CreatedOnToolsVersion = 12.3;
					};
				};
			};
			buildConfigurationList = E77A8AB725CA35C800B0BD4E /* Build configuration list for PBXProject "The Everyday Calendar" */;
			compatibilityVersion = "Xcode 9.3";
			developmentRegion = en;
			hasScannedForEncodings = 0;
			knownRegions = (
				en,
				Base,
			);
			mainGroup = E77A8AB325CA35C800B0BD4E;
			productRefGroup = E77A8ABD25CA35C800B0BD4E /* Products */;
			projectDirPath = "";
			projectRoot = "";
			targets = (
				E77A8ABB25CA35C800B0BD4E /* The Everyday Calendar */,
			);
		};
/* End PBXProject section */

/* Begin PBXResourcesBuildPhase section */
		E77A8ABA25CA35C800B0BD4E /* Resources */ = {
			isa = PBXResourcesBuildPhase;
			buildActionMask = 2147483647;
			files = (
				E77A8ACF25CA35C900B0BD4E /* LaunchScreen.storyboard in Resources */,
				E77A8ACC25CA35C900B0BD4E /* Assets.xcassets in Resources */,
				E77A8ACA25CA35C800B0BD4E /* Main.storyboard in Resources */,
			);
			runOnlyForDeploymentPostprocessing = 0;
		};
/* End PBXResourcesBuildPhase section */

/* Begin PBXSourcesBuildPhase section */
		E77A8AB825CA35C800B0BD4E /* Sources */ = {
			isa = PBXSourcesBuildPhase;
			buildActionMask = 2147483647;
			files = (
				E77A8AC125CA35C800B0BD4E /* AppDelegate.m in Sources */,
				E707710225CDE3F300433EC8 /* TheEverydayCalendar.m in Sources */,
				E77A8AF725CC67A000B0BD4E /* MonthViewController.m in Sources */,
				E77A8AF225CC5F4100B0BD4E /* MonthPickerViewController.m in Sources */,
				E77A8AD225CA35C900B0BD4E /* main.m in Sources */,
				E77A8AC425CA35C800B0BD4E /* SceneDelegate.m in Sources */,
				E77A8AFC25CC694700B0BD4E /* DayCollectionViewCell.m in Sources */,
			);
			runOnlyForDeploymentPostprocessing = 0;
		};
/* End PBXSourcesBuildPhase section */

/* Begin PBXVariantGroup section */
		E77A8AC825CA35C800B0BD4E /* Main.storyboard */ = {
			isa = PBXVariantGroup;
			children = (
				E77A8AC925CA35C800B0BD4E /* Base */,
			);
			name = Main.storyboard;
			sourceTree = "<group>";
		};
		E77A8ACD25CA35C900B0BD4E /* LaunchScreen.storyboard */ = {
			isa = PBXVariantGroup;
			children = (
				E77A8ACE25CA35C900B0BD4E /* Base */,
			);
			name = LaunchScreen.storyboard;
			sourceTree = "<group>";
		};
/* End PBXVariantGroup section */

/* Begin XCBuildConfiguration section */
		E77A8AD325CA35C900B0BD4E /* Debug */ = {
			isa = XCBuildConfiguration;
			buildSettings = {
				ALWAYS_SEARCH_USER_PATHS = NO;
				CLANG_ANALYZER_NONNULL = YES;
				CLANG_ANALYZER_NUMBER_OBJECT_CONVERSION = YES_AGGRESSIVE;
				CLANG_CXX_LANGUAGE_STANDARD = "gnu++14";
				CLANG_CXX_LIBRARY = "libc++";
				CLANG_ENABLE_MODULES = YES;
				CLANG_ENABLE_OBJC_ARC = YES;
				CLANG_ENABLE_OBJC_WEAK = YES;
				CLANG_WARN_BLOCK_CAPTURE_AUTORELEASING = YES;
				CLANG_WARN_BOOL_CONVERSION = YES;
				CLANG_WARN_COMMA = YES;
				CLANG_WARN_CONSTANT_CONVERSION = YES;
				CLANG_WARN_DEPRECATED_OBJC_IMPLEMENTATIONS = YES;
				CLANG_WARN_DIRECT_OBJC_ISA_USAGE = YES_ERROR;
				CLANG_WARN_DOCUMENTATION_COMMENTS = YES;
				CLANG_WARN_EMPTY_BODY = YES;
				CLANG_WARN_ENUM_CONVERSION = YES;
				CLANG_WARN_INFINITE_RECURSION = YES;
				CLANG_WARN_INT_CONVERSION = YES;
				CLANG_WARN_NON_LITERAL_NULL_CONVERSION = YES;
				CLANG_WARN_OBJC_IMPLICIT_RETAIN_SELF = YES;
				CLANG_WARN_OBJC_LITERAL_CONVERSION = YES;
				CLANG_WARN_OBJC_ROOT_CLASS = YES_ERROR;
				CLANG_WARN_QUOTED_INCLUDE_IN_FRAMEWORK_HEADER = YES;
				CLANG_WARN_RANGE_LOOP_ANALYSIS = YES;
				CLANG_WARN_STRICT_PROTOTYPES = YES;
				CLANG_WARN_SUSPICIOUS_MOVE = YES;
				CLANG_WARN_UNGUARDED_AVAILABILITY = YES_AGGRESSIVE;
				CLANG_WARN_UNREACHABLE_CODE = YES;
				CLANG_WARN__DUPLICATE_METHOD_MATCH = YES;
				COPY_PHASE_STRIP = NO;
				DEBUG_INFORMATION_FORMAT = dwarf;
				ENABLE_STRICT_OBJC_MSGSEND = YES;
				ENABLE_TESTABILITY = YES;
				GCC_C_LANGUAGE_STANDARD = gnu11;
				GCC_DYNAMIC_NO_PIC = NO;
				GCC_NO_COMMON_BLOCKS = YES;
				GCC_OPTIMIZATION_LEVEL = 0;
				GCC_PREPROCESSOR_DEFINITIONS = (
					"DEBUG=1",
					"$(inherited)",
				);
				GCC_WARN_64_TO_32_BIT_CONVERSION = YES;
				GCC_WARN_ABOUT_RETURN_TYPE = YES_ERROR;
				GCC_WARN_UNDECLARED_SELECTOR = YES;
				GCC_WARN_UNINITIALIZED_AUTOS = YES_AGGRESSIVE;
				GCC_WARN_UNUSED_FUNCTION = YES;
				GCC_WARN_UNUSED_VARIABLE = YES;
				IPHONEOS_DEPLOYMENT_TARGET = 14.3;
				MTL_ENABLE_DEBUG_INFO = INCLUDE_SOURCE;
				MTL_FAST_MATH = YES;
				ONLY_ACTIVE_ARCH = YES;
				SDKROOT = iphoneos;
			};
			name = Debug;
		};
		E77A8AD425CA35C900B0BD4E /* Release */ = {
			isa = XCBuildConfiguration;
			buildSettings = {
				ALWAYS_SEARCH_USER_PATHS = NO;
				CLANG_ANALYZER_NONNULL = YES;
				CLANG_ANALYZER_NUMBER_OBJECT_CONVERSION = YES_AGGRESSIVE;
				CLANG_CXX_LANGUAGE_STANDARD = "gnu++14";
				CLANG_CXX_LIBRARY = "libc++";
				CLANG_ENABLE_MODULES = YES;
				CLANG_ENABLE_OBJC_ARC = YES;
				CLANG_ENABLE_OBJC_WEAK = YES;
				CLANG_WARN_BLOCK_CAPTURE_AUTORELEASING = YES;
				CLANG_WARN_BOOL_CONVERSION = YES;
				CLANG_WARN_COMMA = YES;
				CLANG_WARN_CONSTANT_CONVERSION = YES;
				CLANG_WARN_DEPRECATED_OBJC_IMPLEMENTATIONS = YES;
				CLANG_WARN_DIRECT_OBJC_ISA_USAGE = YES_ERROR;
				CLANG_WARN_DOCUMENTATION_COMMENTS = YES;
				CLANG_WARN_EMPTY_BODY = YES;
				CLANG_WARN_ENUM_CONVERSION = YES;
				CLANG_WARN_INFINITE_RECURSION = YES;
				CLANG_WARN_INT_CONVERSION = YES;
				CLANG_WARN_NON_LITERAL_NULL_CONVERSION = YES;
				CLANG_WARN_OBJC_IMPLICIT_RETAIN_SELF = YES;
				CLANG_WARN_OBJC_LITERAL_CONVERSION = YES;
				CLANG_WARN_OBJC_ROOT_CLASS = YES_ERROR;
				CLANG_WARN_QUOTED_INCLUDE_IN_FRAMEWORK_HEADER = YES;
				CLANG_WARN_RANGE_LOOP_ANALYSIS = YES;
				CLANG_WARN_STRICT_PROTOTYPES = YES;
				CLANG_WARN_SUSPICIOUS_MOVE = YES;
				CLANG_WARN_UNGUARDED_AVAILABILITY = YES_AGGRESSIVE;
				CLANG_WARN_UNREACHABLE_CODE = YES;
				CLANG_WARN__DUPLICATE_METHOD_MATCH = YES;
				COPY_PHASE_STRIP = NO;
				DEBUG_INFORMATION_FORMAT = "dwarf-with-dsym";
				ENABLE_NS_ASSERTIONS = NO;
				ENABLE_STRICT_OBJC_MSGSEND = YES;
				GCC_C_LANGUAGE_STANDARD = gnu11;
				GCC_NO_COMMON_BLOCKS = YES;
				GCC_WARN_64_TO_32_BIT_CONVERSION = YES;
				GCC_WARN_ABOUT_RETURN_TYPE = YES_ERROR;
				GCC_WARN_UNDECLARED_SELECTOR = YES;
				GCC_WARN_UNINITIALIZED_AUTOS = YES_AGGRESSIVE;
				GCC_WARN_UNUSED_FUNCTION = YES;
				GCC_WARN_UNUSED_VARIABLE = YES;
				IPHONEOS_DEPLOYMENT_TARGET = 14.3;
				MTL_ENABLE_DEBUG_INFO = NO;
				MTL_FAST_MATH = YES;
				SDKROOT = iphoneos;
				VALIDATE_PRODUCT = YES;
			};
			name = Release;
		};
		E77A8AD625CA35C900B0BD4E /* Debug */ = {
			isa = XCBuildConfiguration;
			buildSettings = {
				ASSETCATALOG_COMPILER_APPICON_NAME = AppIcon;
				ASSETCATALOG_COMPILER_GLOBAL_ACCENT_COLOR_NAME = AccentColor;
				CODE_SIGN_STYLE = Automatic;
				DEVELOPMENT_TEAM = YP79VTY7S5;
				INFOPLIST_FILE = "The Everyday Calendar/Info.plist";
				LD_RUNPATH_SEARCH_PATHS = (
					"$(inherited)",
					"@executable_path/Frameworks",
				);
				PRODUCT_BUNDLE_IDENTIFIER = "me.elijahsawyers.The-Everyday-Calendar";
				PRODUCT_NAME = "$(TARGET_NAME)";
				TARGETED_DEVICE_FAMILY = "1,2";
			};
			name = Debug;
		};
		E77A8AD725CA35C900B0BD4E /* Release */ = {
			isa = XCBuildConfiguration;
			buildSettings = {
				ASSETCATALOG_COMPILER_APPICON_NAME = AppIcon;
				ASSETCATALOG_COMPILER_GLOBAL_ACCENT_COLOR_NAME = AccentColor;
				CODE_SIGN_STYLE = Automatic;
				DEVELOPMENT_TEAM = YP79VTY7S5;
				INFOPLIST_FILE = "The Everyday Calendar/Info.plist";
				LD_RUNPATH_SEARCH_PATHS = (
					"$(inherited)",
					"@executable_path/Frameworks",
				);
				PRODUCT_BUNDLE_IDENTIFIER = "me.elijahsawyers.The-Everyday-Calendar";
				PRODUCT_NAME = "$(TARGET_NAME)";
				TARGETED_DEVICE_FAMILY = "1,2";
			};
			name = Release;
		};
/* End XCBuildConfiguration section */

/* Begin XCConfigurationList section */
		E77A8AB725CA35C800B0BD4E /* Build configuration list for PBXProject "The Everyday Calendar" */ = {
			isa = XCConfigurationList;
			buildConfigurations = (
				E77A8AD325CA35C900B0BD4E /* Debug */,
				E77A8AD425CA35C900B0BD4E /* Release */,
			);
			defaultConfigurationIsVisible = 0;
			defaultConfigurationName = Release;
		};
		E77A8AD525CA35C900B0BD4E /* Build configuration list for PBXNativeTarget "The Everyday Calendar" */ = {
			isa = XCConfigurationList;
			buildConfigurations = (
				E77A8AD625CA35C900B0BD4E /* Debug */,
				E77A8AD725CA35C900B0BD4E /* Release */,
			);
			defaultConfigurationIsVisible = 0;
			defaultConfigurationName = Release;
		};
/* End XCConfigurationList section */
	};
	rootObject = E77A8AB425CA35C800B0BD4E /* Project object */;
}
